{
  "name": "ascent-3",
  "version": "1.0.0",
  "lockfileVersion": 1,
  "requires": true,
  "dependencies": {
    "big.js": {
      "version": "3.2.0",
      "resolved": "https://registry.npmjs.org/big.js/-/big.js-3.2.0.tgz",
      "integrity": "sha512-+hN/Zh2D08Mx65pZ/4g5bsmNiZUuChDiQfTUQ7qJr4/kuopCr88xZsAXv6mBoZEsUI4OuGHlX59qE94K2mMW8Q==",
      "dev": true
    },
    "commander": {
      "version": "2.15.1",
      "resolved": "https://registry.npmjs.org/commander/-/commander-2.15.1.tgz",
      "integrity": "sha512-VlfT9F3V0v+jr4yxPc5gg9s62/fIVWsd2Bk2iD435um1NlGMYdVCq+MjcXnhYq2icNOizHr1kK+5TI6H0Hy0ag==",
      "dev": true
    },
    "d3-dsv": {
      "version": "1.0.8",
      "resolved": "https://registry.npmjs.org/d3-dsv/-/d3-dsv-1.0.8.tgz",
      "integrity": "sha512-IVCJpQ+YGe3qu6odkPQI0KPqfxkhbP/oM1XhhE/DFiYmcXKfCRub4KXyiuehV1d4drjWVXHUWx4gHqhdZb6n/A==",
      "dev": true,
      "requires": {
        "commander": "2.15.1",
        "iconv-lite": "0.4.21",
        "rw": "1.3.3"
      }
    },
    "dsv-loader": {
      "version": "2.0.0",
      "resolved": "https://registry.npmjs.org/dsv-loader/-/dsv-loader-2.0.0.tgz",
      "integrity": "sha1-pg4ci/iBCe1kRfWUKNmFcE4LzIY=",
      "dev": true,
      "requires": {
        "d3-dsv": "1.0.8",
        "loader-utils": "0.2.17"
      }
    },
    "emojis-list": {
      "version": "2.1.0",
      "resolved": "https://registry.npmjs.org/emojis-list/-/emojis-list-2.1.0.tgz",
      "integrity": "sha1-TapNnbAPmBmIDHn6RXrlsJof04k=",
      "dev": true
    },
    "iconv-lite": {
      "version": "0.4.21",
      "resolved": "https://registry.npmjs.org/iconv-lite/-/iconv-lite-0.4.21.tgz",
      "integrity": "sha512-En5V9za5mBt2oUA03WGD3TwDv0MKAruqsuxstbMUZaj9W9k/m1CV/9py3l0L5kw9Bln8fdHQmzHSYtvpvTLpKw==",
      "dev": true,
      "requires": {
        "safer-buffer": "2.1.2"
      }
    },
    "json5": {
      "version": "0.5.1",
      "resolved": "https://registry.npmjs.org/json5/-/json5-0.5.1.tgz",
      "integrity": "sha1-Hq3nrMASA0rYTiOWdn6tn6VJWCE=",
      "dev": true
    },
    "loader-utils": {
      "version": "0.2.17",
      "resolved": "https://registry.npmjs.org/loader-utils/-/loader-utils-0.2.17.tgz",
      "integrity": "sha1-+G5jdNQyBabmxg6RlvF8Apm/s0g=",
      "dev": true,
      "requires": {
        "big.js": "3.2.0",
        "emojis-list": "2.1.0",
        "json5": "0.5.1",
        "object-assign": "4.1.1"
      }
    },
    "object-assign": {
      "version": "4.1.1",
      "resolved": "https://registry.npmjs.org/object-assign/-/object-assign-4.1.1.tgz",
      "integrity": "sha1-IQmtx5ZYh8/AXLvUQsrIv7s2CGM=",
      "dev": true
    },
    "rw": {
      "version": "1.3.3",
      "resolved": "https://registry.npmjs.org/rw/-/rw-1.3.3.tgz",
      "integrity": "sha1-P4Yt+pGrdmsUiF700BEkv9oHT7Q=",
      "dev": true
    },
    "safer-buffer": {
      "version": "2.1.2",
      "resolved": "https://registry.npmjs.org/safer-buffer/-/safer-buffer-2.1.2.tgz",
      "integrity": "sha512-YZo3K82SD7Riyi0E1EQPojLz7kpepnSQI9IyPbHHg1XXXevb5dJI7tpyN2ADxGcQbHG7vcyRHk0cbwqcQriUtg==",
      "dev": true
    }
  }
}
